# THIS IS AN AUTOGENERATED FILE. DO NOT EDIT THIS FILE DIRECTLY.
# yarn lockfile v1


isarray@0.0.1:
  version "0.0.1"
  resolved "https://registry.npm.taobao.org/isarray/download/isarray-0.0.1.tgz#8a18acfca9a8f4177e09abfc6038939b05d1eedf"
  integrity sha1-ihis/Kmo9Bd+Cav8YDiTmwXR7t8=

page@^1.5.0:
  version "1.11.6"
  resolved "https://registry.npm.taobao.org/page/download/page-1.11.6.tgz#5ef4efc7073749b8085ccdaa0dcd7c9e0de12fe3"
  integrity sha1-XvTvxwc3SbgIXM2qDc18ng3hL+M=
  dependencies:
    path-to-regexp "~1.2.1"

path-to-regexp@~1.2.1:
  version "1.2.1"
  resolved "https://registry.npm.taobao.org/path-to-regexp/download/path-to-regexp-1.2.1.tgz#b33705c140234d873c8721c7b9fd8b541ed3aff9"
  integrity sha1-szcFwUAjTYc8hyHHuf2LVB7Tr/k=
  dependencies:
    isarray "0.0.1"

vue-route@^1.5.1:
  version "1.5.1"
  resolved "https://registry.npm.taobao.org/vue-route/download/vue-route-1.5.1.tgz#d64d13f20988438936f60d3d2bf187ca448ad7d3"
  integrity sha1-1k0T8gmIQ4k29g09K/GHykSK19M=
  dependencies:
    page "^1.5.0"

vue@^2.6.12:
  version "2.6.12"
  resolved "https://registry.npm.taobao.org/vue/download/vue-2.6.12.tgz#f5ebd4fa6bd2869403e29a896aed4904456c9123"
  integrity sha1-9evU+mvShpQD4pqJau1JBEVskSM=

vuex@^3.6.2:
  version "3.6.2"
  resolved "https://registry.npm.taobao.org/vuex/download/vuex-3.6.2.tgz#236bc086a870c3ae79946f107f16de59d5895e71"
  integrity sha1-I2vAhqhww655lG8QfxbeWdWJXnE=
